
Microsoft Visual Studio Solution File, Format Version 12.00
# Visual Studio Version 16
VisualStudioVersion = 16.0.30011.22
MinimumVisualStudioVersion = 10.0.40219.1
Project("{F184B08F-C81C-45F6-A57F-5ABD9991F28F}") = "LedgerHack", "LedgerHack\LedgerHack.vbproj", "{AE6EA028-DF5D-40CA-8F1C-0A9EB9405E85}"
EndProject
Global
	GlobalSection(SolutionConfigurationPlatforms) = preSolution
		Debug|Any CPU = Debug|Any CPU
		Release|Any CPU = Release|Any CPU
	EndGlobalSection
	GlobalSection(ProjectConfigurationPlatforms) = postSolution
		{AE6EA028-DF5D-40CA-8F1C-0A9EB9405E85}.Debug|Any CPU.ActiveCfg = Debug|Any CPU
		{AE6EA028-DF5D-40CA-8F1C-0A9EB9405E85}.Debug|Any CPU.Build.0 = Debug|Any CPU
		{AE6EA028-DF5D-40CA-8F1C-0A9EB9405E85}.Release|Any CPU.ActiveCfg = Release|Any CPU
		{AE6EA028-DF5D-40CA-8F1C-0A9EB9405E85}.Release|Any CPU.Build.0 = Release|Any CPU
	EndGlobalSection
	GlobalSection(SolutionProperties) = preSolution
		HideSolutionNode = FALSE
	EndGlobalSection
	GlobalSection(ExtensibilityGlobals) = postSolution
		SolutionGuid = {81ADFCEB-AFCC-4994-990C-F1825315F915}
	EndGlobalSection
EndGlobal
